github.com/jacexh/requests v0.1.6 h1:EyjdFg6S+TJqDj5Pfgrk6PUO2KbqEFxv3evx1P2HTws=
github.com/jacexh/requests v0.1.6/go.mod h1:Ja91cPx7wH/waYhy0MkTW2G54g9s19x8+82lVAmlxxU=
golang.org/x/sync v0.0.0-20201020160332-67f06af15bc9 h1:SQFwaSi55rU7vdNs9Yr0Z324VNlrF+0wMqRXT4St8ck=
golang.org/x/sync v0.0.0-20201020160332-67f06af15bc9/go.mod h1:RxMgew5VJxzue5/jJTE5uejpjVlOe/izrB70Jof72aM=
